PODS:
  - Cabbage (0.0.1)
  - SnapKit (3.2.0)

DEPENDENCIES:
  - Cabbage (from `../`)
  - SnapKit (~> 3.2.0)

EXTERNAL SOURCES:
  Cabbage:
    :path: "../"

SPEC CHECKSUMS:
  Cabbage: a8168f1407230d3dec079c2b75ae35c4a8341ae0
  SnapKit: 1ca44df72cfa543218d177cb8aab029d10d86ea7

PODFILE CHECKSUM: 37a30e5cd995e67f8c80801ada1c252e3f5995ad

COCOAPODS: 1.2.1
